
Microsoft Visual Studio Solution File, Format Version 12.00
# Visual Studio Version 16
VisualStudioVersion = 16.0.810.17
MinimumVisualStudioVersion = 10.0.40219.1
Project("{FAE04EC0-301F-11D3-BF4B-00C04F79EFBC}") = "Commander", "Commander.csproj", "{95D30AD7-7F61-4957-B83F-A98E61C4A002}"
EndProject
Global
	GlobalSection(SolutionConfigurationPlatforms) = preSolution
		Debug|Any CPU = Debug|Any CPU
		Release|Any CPU = Release|Any CPU
	EndGlobalSection
	GlobalSection(ProjectConfigurationPlatforms) = postSolution
		{95D30AD7-7F61-4957-B83F-A98E61C4A002}.Debug|Any CPU.ActiveCfg = Debug|Any CPU
		{95D30AD7-7F61-4957-B83F-A98E61C4A002}.Debug|Any CPU.Build.0 = Debug|Any CPU
		{95D30AD7-7F61-4957-B83F-A98E61C4A002}.Release|Any CPU.ActiveCfg = Release|Any CPU
		{95D30AD7-7F61-4957-B83F-A98E61C4A002}.Release|Any CPU.Build.0 = Release|Any CPU
	EndGlobalSection
	GlobalSection(SolutionProperties) = preSolution
		HideSolutionNode = FALSE
	EndGlobalSection
	GlobalSection(ExtensibilityGlobals) = postSolution
		SolutionGuid = {EF5A7BD3-4103-4FD6-8D40-321E1BA223FA}
	EndGlobalSection
EndGlobal
